// !$*UTF8*$!
{
	archiveVersion = 1;
	classes = {
	};
	objectVersion = 46;
	objects = {

/* Begin PBXBuildFile section */
		BA2F62BE1729960E00D78B45 /* circle_button@2x.png in Resources */ = {isa = PBXBuildFile; fileRef = BA2F62BD1729960E00D78B45 /* circle_button@2x.png */; };
		BA2F62C71729992000D78B45 /* AboutMeViewController.m in Sources */ = {isa = PBXBuildFile; fileRef = BA2F62C61729992000D78B45 /* AboutMeViewController.m */; };
		BA5905F01729E60F00E40475 /* NavigationViewController.m in Sources */ = {isa = PBXBuildFile; fileRef = BA5905EF1729E60F00E40475 /* NavigationViewController.m */; };
		BA5905F31729FE6B00E40475 /* bg-addbutton.png in Resources */ = {isa = PBXBuildFile; fileRef = BA5905F11729FE6B00E40475 /* bg-addbutton.png */; };
		BA5905F41729FE6B00E40475 /* bg-addbutton@2x.png in Resources */ = {isa = PBXBuildFile; fileRef = BA5905F21729FE6B00E40475 /* bg-addbutton@2x.png */; };
		BA5905F8172A07A600E40475 /* circle_button_me@2x.png in Resources */ = {isa = PBXBuildFile; fileRef = BA5905F7172A07A600E40475 /* circle_button_me@2x.png */; };
		BA5905FC172A09D500E40475 /* circle_button_education@2x.png in Resources */ = {isa = PBXBuildFile; fileRef = BA5905F9172A09D500E40475 /* circle_button_education@2x.png */; };
		BA5905FD172A09D500E40475 /* circle_button_future@2x.png in Resources */ = {isa = PBXBuildFile; fileRef = BA5905FA172A09D500E40475 /* circle_button_future@2x.png */; };
		BA5905FE172A09D500E40475 /* circle_button_tech@2x.png in Resources */ = {isa = PBXBuildFile; fileRef = BA5905FB172A09D500E40475 /* circle_button_tech@2x.png */; };
		BA590603172A0D0A00E40475 /* circle_button_pressed_education@2x.png in Resources */ = {isa = PBXBuildFile; fileRef = BA5905FF172A0D0A00E40475 /* circle_button_pressed_education@2x.png */; };
		BA590604172A0D0A00E40475 /* circle_button_pressed_future@2x.png in Resources */ = {isa = PBXBuildFile; fileRef = BA590600172A0D0A00E40475 /* circle_button_pressed_future@2x.png */; };
		BA590605172A0D0A00E40475 /* circle_button_pressed_me@2x.png in Resources */ = {isa = PBXBuildFile; fileRef = BA590601172A0D0A00E40475 /* circle_button_pressed_me@2x.png */; };
		BA590606172A0D0A00E40475 /* circle_button_pressed_tech@2x.png in Resources */ = {isa = PBXBuildFile; fileRef = BA590602172A0D0A00E40475 /* circle_button_pressed_tech@2x.png */; };
		BA59060C172A11CD00E40475 /* circle_button_pressed_projects.png in Resources */ = {isa = PBXBuildFile; fileRef = BA590608172A11CD00E40475 /* circle_button_pressed_projects.png */; };
		BA59060E172A11CD00E40475 /* circle_button_projects@2x.png in Resources */ = {isa = PBXBuildFile; fileRef = BA59060A172A11CD00E40475 /* circle_button_projects@2x.png */; };
		BA590611172A128D00E40475 /* circle_button_pressed_professional@2x.png in Resources */ = {isa = PBXBuildFile; fileRef = BA59060F172A128D00E40475 /* circle_button_pressed_professional@2x.png */; };
		BA590612172A128D00E40475 /* circle_button_professional@2x.png in Resources */ = {isa = PBXBuildFile; fileRef = BA590610172A128D00E40475 /* circle_button_professional@2x.png */; };
		BAD93C5717287DC000129EFE /* UIKit.framework in Frameworks */ = {isa = PBXBuildFile; fileRef = BAD93C5617287DC000129EFE /* UIKit.framework */; };
		BAD93C5917287DC000129EFE /* Foundation.framework in Frameworks */ = {isa = PBXBuildFile; fileRef = BAD93C5817287DC000129EFE /* Foundation.framework */; };
		BAD93C5B17287DC000129EFE /* CoreGraphics.framework in Frameworks */ = {isa = PBXBuildFile; fileRef = BAD93C5A17287DC000129EFE /* CoreGraphics.framework */; };
		BAD93C6117287DC000129EFE /* InfoPlist.strings in Resources */ = {isa = PBXBuildFile; fileRef = BAD93C5F17287DC000129EFE /* InfoPlist.strings */; };
		BAD93C6317287DC000129EFE /* main.m in Sources */ = {isa = PBXBuildFile; fileRef = BAD93C6217287DC000129EFE /* main.m */; };
		BAD93C6717287DC000129EFE /* AppDelegate.m in Sources */ = {isa = PBXBuildFile; fileRef = BAD93C6617287DC000129EFE /* AppDelegate.m */; };
		BAD93C6917287DC000129EFE /* Default.png in Resources */ = {isa = PBXBuildFile; fileRef = BAD93C6817287DC000129EFE /* Default.png */; };
		BAD93C6B17287DC000129EFE /* Default@2x.png in Resources */ = {isa = PBXBuildFile; fileRef = BAD93C6A17287DC000129EFE /* Default@2x.png */; };
		BAD93C6D17287DC000129EFE /* Default-568h@2x.png in Resources */ = {isa = PBXBuildFile; fileRef = BAD93C6C17287DC000129EFE /* Default-568h@2x.png */; };
		BAD93C7017287DC000129EFE /* MainStoryboard.storyboard in Resources */ = {isa = PBXBuildFile; fileRef = BAD93C6E17287DC000129EFE /* MainStoryboard.storyboard */; };
		BAD93C7317287DC000129EFE /* ViewController.m in Sources */ = {isa = PBXBuildFile; fileRef = BAD93C7217287DC000129EFE /* ViewController.m */; };
		BAD93C7B17287DC000129EFE /* SenTestingKit.framework in Frameworks */ = {isa = PBXBuildFile; fileRef = BAD93C7A17287DC000129EFE /* SenTestingKit.framework */; };
		BAD93C7C17287DC000129EFE /* UIKit.framework in Frameworks */ = {isa = PBXBuildFile; fileRef = BAD93C5617287DC000129EFE /* UIKit.framework */; };
		BAD93C7D17287DC000129EFE /* Foundation.framework in Frameworks */ = {isa = PBXBuildFile; fileRef = BAD93C5817287DC000129EFE /* Foundation.framework */; };
		BAD93C8517287DC000129EFE /* InfoPlist.strings in Resources */ = {isa = PBXBuildFile; fileRef = BAD93C8317287DC000129EFE /* InfoPlist.strings */; };
		BAD93C8817287DC000129EFE /* About_MeTests.m in Sources */ = {isa = PBXBuildFile; fileRef = BAD93C8717287DC000129EFE /* About_MeTests.m */; };
		BAD93C9417287DE400129EFE /* circle_button_pressed@2x.png in Resources */ = {isa = PBXBuildFile; fileRef = BAD93C9217287DE400129EFE /* circle_button_pressed@2x.png */; };
		BAD93C98172880DC00129EFE /* ButtonNavigationView.m in Sources */ = {isa = PBXBuildFile; fileRef = BAD93C97172880DC00129EFE /* ButtonNavigationView.m */; };
		BAD93C9D172886A700129EFE /* AwesomeMenu.m in Sources */ = {isa = PBXBuildFile; fileRef = BAD93C9A172886A700129EFE /* AwesomeMenu.m */; };
		BAD93C9E172886A700129EFE /* AwesomeMenu.m in Sources */ = {isa = PBXBuildFile; fileRef = BAD93C9A172886A700129EFE /* AwesomeMenu.m */; };
		BAD93C9F172886A700129EFE /* AwesomeMenuItem.m in Sources */ = {isa = PBXBuildFile; fileRef = BAD93C9C172886A700129EFE /* AwesomeMenuItem.m */; };
		BAD93CA0172886A700129EFE /* AwesomeMenuItem.m in Sources */ = {isa = PBXBuildFile; fileRef = BAD93C9C172886A700129EFE /* AwesomeMenuItem.m */; };
		BAD93CA21728884700129EFE /* QuartzCore.framework in Frameworks */ = {isa = PBXBuildFile; fileRef = BAD93CA11728884700129EFE /* QuartzCore.framework */; };
		BAD93D361728AF8100129EFE /* bg-addbutton-highlighted.png in Resources */ = {isa = PBXBuildFile; fileRef = BAD93D281728AF8100129EFE /* bg-addbutton-highlighted.png */; };
		BAD93D371728AF8100129EFE /* bg-addbutton-highlighted.png in Resources */ = {isa = PBXBuildFile; fileRef = BAD93D281728AF8100129EFE /* bg-addbutton-highlighted.png */; };
		BAD93D381728AF8100129EFE /* bg-addbutton-highlighted@2x.png in Resources */ = {isa = PBXBuildFile; fileRef = BAD93D291728AF8100129EFE /* bg-addbutton-highlighted@2x.png */; };
		BAD93D391728AF8100129EFE /* bg-addbutton-highlighted@2x.png in Resources */ = {isa = PBXBuildFile; fileRef = BAD93D291728AF8100129EFE /* bg-addbutton-highlighted@2x.png */; };
		BAD93D3E1728AF8100129EFE /* bg-menuitem-highlighted.png in Resources */ = {isa = PBXBuildFile; fileRef = BAD93D2C1728AF8100129EFE /* bg-menuitem-highlighted.png */; };
		BAD93D3F1728AF8100129EFE /* bg-menuitem-highlighted.png in Resources */ = {isa = PBXBuildFile; fileRef = BAD93D2C1728AF8100129EFE /* bg-menuitem-highlighted.png */; };
		BAD93D401728AF8100129EFE /* bg-menuitem-highlighted@2x.png in Resources */ = {isa = PBXBuildFile; fileRef = BAD93D2D1728AF8100129EFE /* bg-menuitem-highlighted@2x.png */; };
		BAD93D411728AF8100129EFE /* bg-menuitem-highlighted@2x.png in Resources */ = {isa = PBXBuildFile; fileRef = BAD93D2D1728AF8100129EFE /* bg-menuitem-highlighted@2x.png */; };
		BAD93D421728AF8100129EFE /* bg-menuitem.png in Resources */ = {isa = PBXBuildFile; fileRef = BAD93D2E1728AF8100129EFE /* bg-menuitem.png */; };
		BAD93D431728AF8100129EFE /* bg-menuitem.png in Resources */ = {isa = PBXBuildFile; fileRef = BAD93D2E1728AF8100129EFE /* bg-menuitem.png */; };
		BAD93D441728AF8100129EFE /* bg-menuitem@2x.png in Resources */ = {isa = PBXBuildFile; fileRef = BAD93D2F1728AF8100129EFE /* bg-menuitem@2x.png */; };
		BAD93D451728AF8100129EFE /* bg-menuitem@2x.png in Resources */ = {isa = PBXBuildFile; fileRef = BAD93D2F1728AF8100129EFE /* bg-menuitem@2x.png */; };
		BAD93D461728AF8100129EFE /* icon-plus-highlighted.png in Resources */ = {isa = PBXBuildFile; fileRef = BAD93D301728AF8100129EFE /* icon-plus-highlighted.png */; };
		BAD93D471728AF8100129EFE /* icon-plus-highlighted.png in Resources */ = {isa = PBXBuildFile; fileRef = BAD93D301728AF8100129EFE /* icon-plus-highlighted.png */; };
		BAD93D481728AF8100129EFE /* icon-plus-highlighted@2x.png in Resources */ = {isa = PBXBuildFile; fileRef = BAD93D311728AF8100129EFE /* icon-plus-highlighted@2x.png */; };
		BAD93D491728AF8100129EFE /* icon-plus-highlighted@2x.png in Resources */ = {isa = PBXBuildFile; fileRef = BAD93D311728AF8100129EFE /* icon-plus-highlighted@2x.png */; };
		BAD93D4A1728AF8100129EFE /* icon-plus.png in Resources */ = {isa = PBXBuildFile; fileRef = BAD93D321728AF8100129EFE /* icon-plus.png */; };
		BAD93D4B1728AF8100129EFE /* icon-plus.png in Resources */ = {isa = PBXBuildFile; fileRef = BAD93D321728AF8100129EFE /* icon-plus.png */; };
		BAD93D4C1728AF8100129EFE /* icon-plus@2x.png in Resources */ = {isa = PBXBuildFile; fileRef = BAD93D331728AF8100129EFE /* icon-plus@2x.png */; };
		BAD93D4D1728AF8100129EFE /* icon-plus@2x.png in Resources */ = {isa = PBXBuildFile; fileRef = BAD93D331728AF8100129EFE /* icon-plus@2x.png */; };
		BAD93D4E1728AF8100129EFE /* icon-star.png in Resources */ = {isa = PBXBuildFile; fileRef = BAD93D341728AF8100129EFE /* icon-star.png */; };
		BAD93D4F1728AF8100129EFE /* icon-star.png in Resources */ = {isa = PBXBuildFile; fileRef = BAD93D341728AF8100129EFE /* icon-star.png */; };
		BAD93D501728AF8100129EFE /* icon-star@2x.png in Resources */ = {isa = PBXBuildFile; fileRef = BAD93D351728AF8100129EFE /* icon-star@2x.png */; };
		BAD93D511728AF8100129EFE /* icon-star@2x.png in Resources */ = {isa = PBXBuildFile; fileRef = BAD93D351728AF8100129EFE /* icon-star@2x.png */; };
/* End PBXBuildFile section */

/* Begin PBXContainerItemProxy section */
		BAD93C7E17287DC000129EFE /* PBXContainerItemProxy */ = {
			isa = PBXContainerItemProxy;
			containerPortal = BAD93C4B17287DC000129EFE /* Project object */;
			proxyType = 1;
			remoteGlobalIDString = BAD93C5217287DC000129EFE;
			remoteInfo = "About Me";
		};
/* End PBXContainerItemProxy section */

/* Begin PBXFileReference section */
		BA2F62BD1729960E00D78B45 /* circle_button@2x.png */ = {isa = PBXFileReference; lastKnownFileType = image.png; path = "circle_button@2x.png"; sourceTree = "<group>"; };
		BA2F62C51729992000D78B45 /* AboutMeViewController.h */ = {isa = PBXFileReference; fileEncoding = 4; lastKnownFileType = sourcecode.c.h; path = AboutMeViewController.h; sourceTree = "<group>"; };
		BA2F62C61729992000D78B45 /* AboutMeViewController.m */ = {isa = PBXFileReference; fileEncoding = 4; lastKnownFileType = sourcecode.c.objc; path = AboutMeViewController.m; sourceTree = "<group>"; };
		BA5905EE1729E60F00E40475 /* NavigationViewController.h */ = {isa = PBXFileReference; fileEncoding = 4; lastKnownFileType = sourcecode.c.h; path = NavigationViewController.h; sourceTree = "<group>"; };
		BA5905EF1729E60F00E40475 /* NavigationViewController.m */ = {isa = PBXFileReference; fileEncoding = 4; lastKnownFileType = sourcecode.c.objc; path = NavigationViewController.m; sourceTree = "<group>"; };
		BA5905F11729FE6B00E40475 /* bg-addbutton.png */ = {isa = PBXFileReference; lastKnownFileType = image.png; path = "bg-addbutton.png"; sourceTree = "<group>"; };
		BA5905F21729FE6B00E40475 /* bg-addbutton@2x.png */ = {isa = PBXFileReference; lastKnownFileType = image.png; path = "bg-addbutton@2x.png"; sourceTree = "<group>"; };
		BA5905F7172A07A600E40475 /* circle_button_me@2x.png */ = {isa = PBXFileReference; lastKnownFileType = image.png; path = "circle_button_me@2x.png"; sourceTree = "<group>"; };
		BA5905F9172A09D500E40475 /* circle_button_education@2x.png */ = {isa = PBXFileReference; lastKnownFileType = image.png; path = "circle_button_education@2x.png"; sourceTree = "<group>"; };
		BA5905FA172A09D500E40475 /* circle_button_future@2x.png */ = {isa = PBXFileReference; lastKnownFileType = image.png; path = "circle_button_future@2x.png"; sourceTree = "<group>"; };
		BA5905FB172A09D500E40475 /* circle_button_tech@2x.png */ = {isa = PBXFileReference; lastKnownFileType = image.png; path = "circle_button_tech@2x.png"; sourceTree = "<group>"; };
		BA5905FF172A0D0A00E40475 /* circle_button_pressed_education@2x.png */ = {isa = PBXFileReference; lastKnownFileType = image.png; path = "circle_button_pressed_education@2x.png"; sourceTree = "<group>"; };
		BA590600172A0D0A00E40475 /* circle_button_pressed_future@2x.png */ = {isa = PBXFileReference; lastKnownFileType = image.png; path = "circle_button_pressed_future@2x.png"; sourceTree = "<group>"; };
		BA590601172A0D0A00E40475 /* circle_button_pressed_me@2x.png */ = {isa = PBXFileReference; lastKnownFileType = image.png; path = "circle_button_pressed_me@2x.png"; sourceTree = "<group>"; };
		BA590602172A0D0A00E40475 /* circle_button_pressed_tech@2x.png */ = {isa = PBXFileReference; lastKnownFileType = image.png; path = "circle_button_pressed_tech@2x.png"; sourceTree = "<group>"; };
		BA590608172A11CD00E40475 /* circle_button_pressed_projects.png */ = {isa = PBXFileReference; lastKnownFileType = image.png; path = circle_button_pressed_projects.png; sourceTree = "<group>"; };
		BA59060A172A11CD00E40475 /* circle_button_projects@2x.png */ = {isa = PBXFileReference; lastKnownFileType = image.png; path = "circle_button_projects@2x.png"; sourceTree = "<group>"; };
		BA59060F172A128D00E40475 /* circle_button_pressed_professional@2x.png */ = {isa = PBXFileReference; lastKnownFileType = image.png; path = "circle_button_pressed_professional@2x.png"; sourceTree = "<group>"; };
		BA590610172A128D00E40475 /* circle_button_professional@2x.png */ = {isa = PBXFileReference; lastKnownFileType = image.png; path = "circle_button_professional@2x.png"; sourceTree = "<group>"; };
		BAD93C5317287DC000129EFE /* About Me.app */ = {isa = PBXFileReference; explicitFileType = wrapper.application; includeInIndex = 0; path = "About Me.app"; sourceTree = BUILT_PRODUCTS_DIR; };
		BAD93C5617287DC000129EFE /* UIKit.framework */ = {isa = PBXFileReference; lastKnownFileType = wrapper.framework; name = UIKit.framework; path = System/Library/Frameworks/UIKit.framework; sourceTree = SDKROOT; };
		BAD93C5817287DC000129EFE /* Foundation.framework */ = {isa = PBXFileReference; lastKnownFileType = wrapper.framework; name = Foundation.framework; path = System/Library/Frameworks/Foundation.framework; sourceTree = SDKROOT; };
		BAD93C5A17287DC000129EFE /* CoreGraphics.framework */ = {isa = PBXFileReference; lastKnownFileType = wrapper.framework; name = CoreGraphics.framework; path = System/Library/Frameworks/CoreGraphics.framework; sourceTree = SDKROOT; };
		BAD93C5E17287DC000129EFE /* About Me-Info.plist */ = {isa = PBXFileReference; lastKnownFileType = text.plist.xml; path = "About Me-Info.plist"; sourceTree = "<group>"; };
		BAD93C6017287DC000129EFE /* en */ = {isa = PBXFileReference; lastKnownFileType = text.plist.strings; name = en; path = en.lproj/InfoPlist.strings; sourceTree = "<group>"; };
		BAD93C6217287DC000129EFE /* main.m */ = {isa = PBXFileReference; lastKnownFileType = sourcecode.c.objc; path = main.m; sourceTree = "<group>"; };
		BAD93C6417287DC000129EFE /* About Me-Prefix.pch */ = {isa = PBXFileReference; lastKnownFileType = sourcecode.c.h; path = "About Me-Prefix.pch"; sourceTree = "<group>"; };
		BAD93C6517287DC000129EFE /* AppDelegate.h */ = {isa = PBXFileReference; lastKnownFileType = sourcecode.c.h; path = AppDelegate.h; sourceTree = "<group>"; };
		BAD93C6617287DC000129EFE /* AppDelegate.m */ = {isa = PBXFileReference; lastKnownFileType = sourcecode.c.objc; path = AppDelegate.m; sourceTree = "<group>"; };
		BAD93C6817287DC000129EFE /* Default.png */ = {isa = PBXFileReference; lastKnownFileType = image.png; path = Default.png; sourceTree = "<group>"; };
		BAD93C6A17287DC000129EFE /* Default@2x.png */ = {isa = PBXFileReference; lastKnownFileType = image.png; path = "Default@2x.png"; sourceTree = "<group>"; };
		BAD93C6C17287DC000129EFE /* Default-568h@2x.png */ = {isa = PBXFileReference; lastKnownFileType = image.png; path = "Default-568h@2x.png"; sourceTree = "<group>"; };
		BAD93C6F17287DC000129EFE /* en */ = {isa = PBXFileReference; lastKnownFileType = file.storyboard; name = en; path = en.lproj/MainStoryboard.storyboard; sourceTree = "<group>"; };
		BAD93C7117287DC000129EFE /* ViewController.h */ = {isa = PBXFileReference; lastKnownFileType = sourcecode.c.h; path = ViewController.h; sourceTree = "<group>"; };
		BAD93C7217287DC000129EFE /* ViewController.m */ = {isa = PBXFileReference; lastKnownFileType = sourcecode.c.objc; path = ViewController.m; sourceTree = "<group>"; };
		BAD93C7917287DC000129EFE /* About MeTests.octest */ = {isa = PBXFileReference; explicitFileType = wrapper.cfbundle; includeInIndex = 0; path = "About MeTests.octest"; sourceTree = BUILT_PRODUCTS_DIR; };
		BAD93C7A17287DC000129EFE /* SenTestingKit.framework */ = {isa = PBXFileReference; lastKnownFileType = wrapper.framework; name = SenTestingKit.framework; path = Library/Frameworks/SenTestingKit.framework; sourceTree = DEVELOPER_DIR; };
		BAD93C8217287DC000129EFE /* About MeTests-Info.plist */ = {isa = PBXFileReference; lastKnownFileType = text.plist.xml; path = "About MeTests-Info.plist"; sourceTree = "<group>"; };
		BAD93C8417287DC000129EFE /* en */ = {isa = PBXFileReference; lastKnownFileType = text.plist.strings; name = en; path = en.lproj/InfoPlist.strings; sourceTree = "<group>"; };
		BAD93C8617287DC000129EFE /* About_MeTests.h */ = {isa = PBXFileReference; lastKnownFileType = sourcecode.c.h; path = About_MeTests.h; sourceTree = "<group>"; };
		BAD93C8717287DC000129EFE /* About_MeTests.m */ = {isa = PBXFileReference; lastKnownFileType = sourcecode.c.objc; path = About_MeTests.m; sourceTree = "<group>"; };
		BAD93C9217287DE400129EFE /* circle_button_pressed@2x.png */ = {isa = PBXFileReference; lastKnownFileType = image.png; path = "circle_button_pressed@2x.png"; sourceTree = "<group>"; };
		BAD93C96172880DC00129EFE /* ButtonNavigationView.h */ = {isa = PBXFileReference; fileEncoding = 4; lastKnownFileType = sourcecode.c.h; path = ButtonNavigationView.h; sourceTree = "<group>"; };
		BAD93C97172880DC00129EFE /* ButtonNavigationView.m */ = {isa = PBXFileReference; fileEncoding = 4; lastKnownFileType = sourcecode.c.objc; path = ButtonNavigationView.m; sourceTree = "<group>"; };
		BAD93C99172886A700129EFE /* AwesomeMenu.h */ = {isa = PBXFileReference; fileEncoding = 4; lastKnownFileType = sourcecode.c.h; path = AwesomeMenu.h; sourceTree = "<group>"; };
		BAD93C9A172886A700129EFE /* AwesomeMenu.m */ = {isa = PBXFileReference; fileEncoding = 4; lastKnownFileType = sourcecode.c.objc; path = AwesomeMenu.m; sourceTree = "<group>"; };
		BAD93C9B172886A700129EFE /* AwesomeMenuItem.h */ = {isa = PBXFileReference; fileEncoding = 4; lastKnownFileType = sourcecode.c.h; path = AwesomeMenuItem.h; sourceTree = "<group>"; };
		BAD93C9C172886A700129EFE /* AwesomeMenuItem.m */ = {isa = PBXFileReference; fileEncoding = 4; lastKnownFileType = sourcecode.c.objc; path = AwesomeMenuItem.m; sourceTree = "<group>"; };
		BAD93CA11728884700129EFE /* QuartzCore.framework */ = {isa = PBXFileReference; lastKnownFileType = wrapper.framework; name = QuartzCore.framework; path = System/Library/Frameworks/QuartzCore.framework; sourceTree = SDKROOT; };
		BAD93D281728AF8100129EFE /* bg-addbutton-highlighted.png */ = {isa = PBXFileReference; lastKnownFileType = image.png; path = "bg-addbutton-highlighted.png"; sourceTree = "<group>"; };
		BAD93D291728AF8100129EFE /* bg-addbutton-highlighted@2x.png */ = {isa = PBXFileReference; lastKnownFileType = image.png; path = "bg-addbutton-highlighted@2x.png"; sourceTree = "<group>"; };
		BAD93D2C1728AF8100129EFE /* bg-menuitem-highlighted.png */ = {isa = PBXFileReference; lastKnownFileType = image.png; path = "bg-menuitem-highlighted.png"; sourceTree = "<group>"; };
		BAD93D2D1728AF8100129EFE /* bg-menuitem-highlighted@2x.png */ = {isa = PBXFileReference; lastKnownFileType = image.png; path = "bg-menuitem-highlighted@2x.png"; sourceTree = "<group>"; };
		BAD93D2E1728AF8100129EFE /* bg-menuitem.png */ = {isa = PBXFileReference; lastKnownFileType = image.png; path = "bg-menuitem.png"; sourceTree = "<group>"; };
		BAD93D2F1728AF8100129EFE /* bg-menuitem@2x.png */ = {isa = PBXFileReference; lastKnownFileType = image.png; path = "bg-menuitem@2x.png"; sourceTree = "<group>"; };
		BAD93D301728AF8100129EFE /* icon-plus-highlighted.png */ = {isa = PBXFileReference; lastKnownFileType = image.png; path = "icon-plus-highlighted.png"; sourceTree = "<group>"; };
		BAD93D311728AF8100129EFE /* icon-plus-highlighted@2x.png */ = {isa = PBXFileReference; lastKnownFileType = image.png; path = "icon-plus-highlighted@2x.png"; sourceTree = "<group>"; };
		BAD93D321728AF8100129EFE /* icon-plus.png */ = {isa = PBXFileReference; lastKnownFileType = image.png; path = "icon-plus.png"; sourceTree = "<group>"; };
		BAD93D331728AF8100129EFE /* icon-plus@2x.png */ = {isa = PBXFileReference; lastKnownFileType = image.png; path = "icon-plus@2x.png"; sourceTree = "<group>"; };
		BAD93D341728AF8100129EFE /* icon-star.png */ = {isa = PBXFileReference; lastKnownFileType = image.png; path = "icon-star.png"; sourceTree = "<group>"; };
		BAD93D351728AF8100129EFE /* icon-star@2x.png */ = {isa = PBXFileReference; lastKnownFileType = image.png; path = "icon-star@2x.png"; sourceTree = "<group>"; };
/* End PBXFileReference section */

/* Begin PBXFrameworksBuildPhase section */
		BAD93C5017287DC000129EFE /* Frameworks */ = {
			isa = PBXFrameworksBuildPhase;
			buildActionMask = 2147483647;
			files = (
				BAD93CA21728884700129EFE /* QuartzCore.framework in Frameworks */,
				BAD93C5717287DC000129EFE /* UIKit.framework in Frameworks */,
				BAD93C5917287DC000129EFE /* Foundation.framework in Frameworks */,
				BAD93C5B17287DC000129EFE /* CoreGraphics.framework in Frameworks */,
			);
			runOnlyForDeploymentPostprocessing = 0;
		};
		BAD93C7517287DC000129EFE /* Frameworks */ = {
			isa = PBXFrameworksBuildPhase;
			buildActionMask = 2147483647;
			files = (
				BAD93C7B17287DC000129EFE /* SenTestingKit.framework in Frameworks */,
				BAD93C7C17287DC000129EFE /* UIKit.framework in Frameworks */,
				BAD93C7D17287DC000129EFE /* Foundation.framework in Frameworks */,
			);
			runOnlyForDeploymentPostprocessing = 0;
		};
/* End PBXFrameworksBuildPhase section */

/* Begin PBXGroup section */
		BAD93C4A17287DC000129EFE = {
			isa = PBXGroup;
			children = (
				BAD93CA11728884700129EFE /* QuartzCore.framework */,
				BAD93C5C17287DC000129EFE /* About Me */,
				BAD93C8017287DC000129EFE /* About MeTests */,
				BAD93C5517287DC000129EFE /* Frameworks */,
				BAD93C5417287DC000129EFE /* Products */,
			);
			sourceTree = "<group>";
		};
		BAD93C5417287DC000129EFE /* Products */ = {
			isa = PBXGroup;
			children = (
				BAD93C5317287DC000129EFE /* About Me.app */,
				BAD93C7917287DC000129EFE /* About MeTests.octest */,
			);
			name = Products;
			sourceTree = "<group>";
		};
		BAD93C5517287DC000129EFE /* Frameworks */ = {
			isa = PBXGroup;
			children = (
				BAD93C5617287DC000129EFE /* UIKit.framework */,
				BAD93C5817287DC000129EFE /* Foundation.framework */,
				BAD93C5A17287DC000129EFE /* CoreGraphics.framework */,
				BAD93C7A17287DC000129EFE /* SenTestingKit.framework */,
			);
			name = Frameworks;
			sourceTree = "<group>";
		};
		BAD93C5C17287DC000129EFE /* About Me */ = {
			isa = PBXGroup;
			children = (
				BAD93C99172886A700129EFE /* AwesomeMenu.h */,
				BAD93C9A172886A700129EFE /* AwesomeMenu.m */,
				BAD93C9B172886A700129EFE /* AwesomeMenuItem.h */,
				BAD93C9C172886A700129EFE /* AwesomeMenuItem.m */,
				BAD93C9117287DCA00129EFE /* Images */,
				BAD93C6517287DC000129EFE /* AppDelegate.h */,
				BAD93C6617287DC000129EFE /* AppDelegate.m */,
				BAD93C6E17287DC000129EFE /* MainStoryboard.storyboard */,
				BA5905EE1729E60F00E40475 /* NavigationViewController.h */,
				BA5905EF1729E60F00E40475 /* NavigationViewController.m */,
				BAD93C7117287DC000129EFE /* ViewController.h */,
				BAD93C7217287DC000129EFE /* ViewController.m */,
				BA2F62C51729992000D78B45 /* AboutMeViewController.h */,
				BA2F62C61729992000D78B45 /* AboutMeViewController.m */,
				BAD93C96172880DC00129EFE /* ButtonNavigationView.h */,
				BAD93C97172880DC00129EFE /* ButtonNavigationView.m */,
				BAD93C5D17287DC000129EFE /* Supporting Files */,
			);
			path = "About Me";
			sourceTree = "<group>";
		};
		BAD93C5D17287DC000129EFE /* Supporting Files */ = {
			isa = PBXGroup;
			children = (
				BAD93C5E17287DC000129EFE /* About Me-Info.plist */,
				BAD93C5F17287DC000129EFE /* InfoPlist.strings */,
				BAD93C6217287DC000129EFE /* main.m */,
				BAD93C6417287DC000129EFE /* About Me-Prefix.pch */,
				BAD93C6817287DC000129EFE /* Default.png */,
				BAD93C6A17287DC000129EFE /* Default@2x.png */,
				BAD93C6C17287DC000129EFE /* Default-568h@2x.png */,
			);
			name = "Supporting Files";
			sourceTree = "<group>";
		};
		BAD93C8017287DC000129EFE /* About MeTests */ = {
			isa = PBXGroup;
			children = (
				BAD93C8617287DC000129EFE /* About_MeTests.h */,
				BAD93C8717287DC000129EFE /* About_MeTests.m */,
				BAD93C8117287DC000129EFE /* Supporting Files */,
			);
			path = "About MeTests";
			sourceTree = "<group>";
		};
		BAD93C8117287DC000129EFE /* Supporting Files */ = {
			isa = PBXGroup;
			children = (
				BAD93C8217287DC000129EFE /* About MeTests-Info.plist */,
				BAD93C8317287DC000129EFE /* InfoPlist.strings */,
			);
			name = "Supporting Files";
			sourceTree = "<group>";
		};
		BAD93C9117287DCA00129EFE /* Images */ = {
			isa = PBXGroup;
			children = (
				BA59060F172A128D00E40475 /* circle_button_pressed_professional@2x.png */,
				BA590610172A128D00E40475 /* circle_button_professional@2x.png */,
				BA590608172A11CD00E40475 /* circle_button_pressed_projects.png */,
				BA59060A172A11CD00E40475 /* circle_button_projects@2x.png */,
				BA5905FF172A0D0A00E40475 /* circle_button_pressed_education@2x.png */,
				BA590600172A0D0A00E40475 /* circle_button_pressed_future@2x.png */,
				BA590601172A0D0A00E40475 /* circle_button_pressed_me@2x.png */,
				BA590602172A0D0A00E40475 /* circle_button_pressed_tech@2x.png */,
				BA5905F9172A09D500E40475 /* circle_button_education@2x.png */,
				BA5905FA172A09D500E40475 /* circle_button_future@2x.png */,
				BA5905FB172A09D500E40475 /* circle_button_tech@2x.png */,
				BA5905F7172A07A600E40475 /* circle_button_me@2x.png */,
				BA2F62BD1729960E00D78B45 /* circle_button@2x.png */,
				BAD93C9217287DE400129EFE /* circle_button_pressed@2x.png */,
				BAD93D281728AF8100129EFE /* bg-addbutton-highlighted.png */,
				BAD93D291728AF8100129EFE /* bg-addbutton-highlighted@2x.png */,
				BA5905F11729FE6B00E40475 /* bg-addbutton.png */,
				BA5905F21729FE6B00E40475 /* bg-addbutton@2x.png */,
				BAD93D2C1728AF8100129EFE /* bg-menuitem-highlighted.png */,
				BAD93D2D1728AF8100129EFE /* bg-menuitem-highlighted@2x.png */,
				BAD93D2E1728AF8100129EFE /* bg-menuitem.png */,
				BAD93D2F1728AF8100129EFE /* bg-menuitem@2x.png */,
				BAD93D301728AF8100129EFE /* icon-plus-highlighted.png */,
				BAD93D311728AF8100129EFE /* icon-plus-highlighted@2x.png */,
				BAD93D321728AF8100129EFE /* icon-plus.png */,
				BAD93D331728AF8100129EFE /* icon-plus@2x.png */,
				BAD93D341728AF8100129EFE /* icon-star.png */,
				BAD93D351728AF8100129EFE /* icon-star@2x.png */,
			);
			name = Images;
			sourceTree = "<group>";
		};
/* End PBXGroup section */

/* Begin PBXNativeTarget section */
		BAD93C5217287DC000129EFE /* About Me */ = {
			isa = PBXNativeTarget;
			buildConfigurationList = BAD93C8B17287DC000129EFE /* Build configuration list for PBXNativeTarget "About Me" */;
			buildPhases = (
				BAD93C4F17287DC000129EFE /* Sources */,
				BAD93C5017287DC000129EFE /* Frameworks */,
				BAD93C5117287DC000129EFE /* Resources */,
			);
			buildRules = (
			);
			dependencies = (
			);
			name = "About Me";
			productName = "About Me";
			productReference = BAD93C5317287DC000129EFE /* About Me.app */;
			productType = "com.apple.product-type.application";
		};
		BAD93C7817287DC000129EFE /* About MeTests */ = {
			isa = PBXNativeTarget;
			buildConfigurationList = BAD93C8E17287DC000129EFE /* Build configuration list for PBXNativeTarget "About MeTests" */;
			buildPhases = (
				BAD93C7417287DC000129EFE /* Sources */,
				BAD93C7517287DC000129EFE /* Frameworks */,
				BAD93C7617287DC000129EFE /* Resources */,
				BAD93C7717287DC000129EFE /* ShellScript */,
			);
			buildRules = (
			);
			dependencies = (
				BAD93C7F17287DC000129EFE /* PBXTargetDependency */,
			);
			name = "About MeTests";
			productName = "About MeTests";
			productReference = BAD93C7917287DC000129EFE /* About MeTests.octest */;
			productType = "com.apple.product-type.bundle";
		};
/* End PBXNativeTarget section */

/* Begin PBXProject section */
		BAD93C4B17287DC000129EFE /* Project object */ = {
			isa = PBXProject;
			attributes = {
				LastUpgradeCheck = 0460;
				ORGANIZATIONNAME = "Big Head Apps";
			};
			buildConfigurationList = BAD93C4E17287DC000129EFE /* Build configuration list for PBXProject "About Me" */;
			compatibilityVersion = "Xcode 3.2";
			developmentRegion = English;
			hasScannedForEncodings = 0;
			knownRegions = (
				en,
			);
			mainGroup = BAD93C4A17287DC000129EFE;
			productRefGroup = BAD93C5417287DC000129EFE /* Products */;
			projectDirPath = "";
			projectRoot = "";
			targets = (
				BAD93C5217287DC000129EFE /* About Me */,
				BAD93C7817287DC000129EFE /* About MeTests */,
			);
		};
/* End PBXProject section */

/* Begin PBXResourcesBuildPhase section */
		BAD93C5117287DC000129EFE /* Resources */ = {
			isa = PBXResourcesBuildPhase;
			buildActionMask = 2147483647;
			files = (
				BAD93C6117287DC000129EFE /* InfoPlist.strings in Resources */,
				BAD93C6917287DC000129EFE /* Default.png in Resources */,
				BAD93C6B17287DC000129EFE /* Default@2x.png in Resources */,
				BAD93C6D17287DC000129EFE /* Default-568h@2x.png in Resources */,
				BAD93C7017287DC000129EFE /* MainStoryboard.storyboard in Resources */,
				BAD93C9417287DE400129EFE /* circle_button_pressed@2x.png in Resources */,
				BAD93D361728AF8100129EFE /* bg-addbutton-highlighted.png in Resources */,
				BAD93D381728AF8100129EFE /* bg-addbutton-highlighted@2x.png in Resources */,
				BAD93D3E1728AF8100129EFE /* bg-menuitem-highlighted.png in Resources */,
				BAD93D401728AF8100129EFE /* bg-menuitem-highlighted@2x.png in Resources */,
				BAD93D421728AF8100129EFE /* bg-menuitem.png in Resources */,
				BAD93D441728AF8100129EFE /* bg-menuitem@2x.png in Resources */,
				BAD93D461728AF8100129EFE /* icon-plus-highlighted.png in Resources */,
				BAD93D481728AF8100129EFE /* icon-plus-highlighted@2x.png in Resources */,
				BAD93D4A1728AF8100129EFE /* icon-plus.png in Resources */,
				BAD93D4C1728AF8100129EFE /* icon-plus@2x.png in Resources */,
				BAD93D4E1728AF8100129EFE /* icon-star.png in Resources */,
				BAD93D501728AF8100129EFE /* icon-star@2x.png in Resources */,
				BA2F62BE1729960E00D78B45 /* circle_button@2x.png in Resources */,
				BA5905F31729FE6B00E40475 /* bg-addbutton.png in Resources */,
				BA5905F41729FE6B00E40475 /* bg-addbutton@2x.png in Resources */,
				BA5905F8172A07A600E40475 /* circle_button_me@2x.png in Resources */,
				BA5905FC172A09D500E40475 /* circle_button_education@2x.png in Resources */,
				BA5905FD172A09D500E40475 /* circle_button_future@2x.png in Resources */,
				BA5905FE172A09D500E40475 /* circle_button_tech@2x.png in Resources */,
				BA590603172A0D0A00E40475 /* circle_button_pressed_education@2x.png in Resources */,
				BA590604172A0D0A00E40475 /* circle_button_pressed_future@2x.png in Resources */,
				BA590605172A0D0A00E40475 /* circle_button_pressed_me@2x.png in Resources */,
				BA590606172A0D0A00E40475 /* circle_button_pressed_tech@2x.png in Resources */,
				BA59060C172A11CD00E40475 /* circle_button_pressed_projects.png in Resources */,
				BA59060E172A11CD00E40475 /* circle_button_projects@2x.png in Resources */,
				BA590611172A128D00E40475 /* circle_button_pressed_professional@2x.png in Resources */,
				BA590612172A128D00E40475 /* circle_button_professional@2x.png in Resources */,
			);
			runOnlyForDeploymentPostprocessing = 0;
		};
		BAD93C7617287DC000129EFE /* Resources */ = {
			isa = PBXResourcesBuildPhase;
			buildActionMask = 2147483647;
			files = (
				BAD93C8517287DC000129EFE /* InfoPlist.strings in Resources */,
				BAD93D371728AF8100129EFE /* bg-addbutton-highlighted.png in Resources */,
				BAD93D391728AF8100129EFE /* bg-addbutton-highlighted@2x.png in Resources */,
				BAD93D3F1728AF8100129EFE /* bg-menuitem-highlighted.png in Resources */,
				BAD93D411728AF8100129EFE /* bg-menuitem-highlighted@2x.png in Resources */,
				BAD93D431728AF8100129EFE /* bg-menuitem.png in Resources */,
				BAD93D451728AF8100129EFE /* bg-menuitem@2x.png in Resources */,
				BAD93D471728AF8100129EFE /* icon-plus-highlighted.png in Resources */,
				BAD93D491728AF8100129EFE /* icon-plus-highlighted@2x.png in Resources */,
				BAD93D4B1728AF8100129EFE /* icon-plus.png in Resources */,
				BAD93D4D1728AF8100129EFE /* icon-plus@2x.png in Resources */,
				BAD93D4F1728AF8100129EFE /* icon-star.png in Resources */,
				BAD93D511728AF8100129EFE /* icon-star@2x.png in Resources */,
			);
			runOnlyForDeploymentPostprocessing = 0;
		};
/* End PBXResourcesBuildPhase section */

/* Begin PBXShellScriptBuildPhase section */
		BAD93C7717287DC000129EFE /* ShellScript */ = {
			isa = PBXShellScriptBuildPhase;
			buildActionMask = 2147483647;
			files = (
			);
			inputPaths = (
			);
			outputPaths = (
			);
			runOnlyForDeploymentPostprocessing = 0;
			shellPath = /bin/sh;
			shellScript = "# Run the unit tests in this test bundle.\n\"${SYSTEM_DEVELOPER_DIR}/Tools/RunUnitTests\"\n";
		};
/* End PBXShellScriptBuildPhase section */

/* Begin PBXSourcesBuildPhase section */
		BAD93C4F17287DC000129EFE /* Sources */ = {
			isa = PBXSourcesBuildPhase;
			buildActionMask = 2147483647;
			files = (
				BAD93C6317287DC000129EFE /* main.m in Sources */,
				BAD93C6717287DC000129EFE /* AppDelegate.m in Sources */,
				BAD93C7317287DC000129EFE /* ViewController.m in Sources */,
				BAD93C98172880DC00129EFE /* ButtonNavigationView.m in Sources */,
				BAD93C9D172886A700129EFE /* AwesomeMenu.m in Sources */,
				BAD93C9F172886A700129EFE /* AwesomeMenuItem.m in Sources */,
				BA2F62C71729992000D78B45 /* AboutMeViewController.m in Sources */,
				BA5905F01729E60F00E40475 /* NavigationViewController.m in Sources */,
			);
			runOnlyForDeploymentPostprocessing = 0;
		};
		BAD93C7417287DC000129EFE /* Sources */ = {
			isa = PBXSourcesBuildPhase;
			buildActionMask = 2147483647;
			files = (
				BAD93C8817287DC000129EFE /* About_MeTests.m in Sources */,
				BAD93C9E172886A700129EFE /* AwesomeMenu.m in Sources */,
				BAD93CA0172886A700129EFE /* AwesomeMenuItem.m in Sources */,
			);
			runOnlyForDeploymentPostprocessing = 0;
		};
/* End PBXSourcesBuildPhase section */

/* Begin PBXTargetDependency section */
		BAD93C7F17287DC000129EFE /* PBXTargetDependency */ = {
			isa = PBXTargetDependency;
			target = BAD93C5217287DC000129EFE /* About Me */;
			targetProxy = BAD93C7E17287DC000129EFE /* PBXContainerItemProxy */;
		};
/* End PBXTargetDependency section */

/* Begin PBXVariantGroup section */
		BAD93C5F17287DC000129EFE /* InfoPlist.strings */ = {
			isa = PBXVariantGroup;
			children = (
				BAD93C6017287DC000129EFE /* en */,
			);
			name = InfoPlist.strings;
			sourceTree = "<group>";
		};
		BAD93C6E17287DC000129EFE /* MainStoryboard.storyboard */ = {
			isa = PBXVariantGroup;
			children = (
				BAD93C6F17287DC000129EFE /* en */,
			);
			name = MainStoryboard.storyboard;
			sourceTree = "<group>";
		};
		BAD93C8317287DC000129EFE /* InfoPlist.strings */ = {
			isa = PBXVariantGroup;
			children = (
				BAD93C8417287DC000129EFE /* en */,
			);
			name = InfoPlist.strings;
			sourceTree = "<group>";
		};
/* End PBXVariantGroup section */

/* Begin XCBuildConfiguration section */
		BAD93C8917287DC000129EFE /* Debug */ = {
			isa = XCBuildConfiguration;
			buildSettings = {
				ALWAYS_SEARCH_USER_PATHS = NO;
				CLANG_CXX_LANGUAGE_STANDARD = "gnu++0x";
				CLANG_CXX_LIBRARY = "libc++";
				CLANG_ENABLE_OBJC_ARC = YES;
				CLANG_WARN_CONSTANT_CONVERSION = YES;
				CLANG_WARN_EMPTY_BODY = YES;
				CLANG_WARN_ENUM_CONVERSION = YES;
				CLANG_WARN_INT_CONVERSION = YES;
				CLANG_WARN__DUPLICATE_METHOD_MATCH = YES;
				"CODE_SIGN_IDENTITY[sdk=iphoneos*]" = "iPhone Developer";
				COPY_PHASE_STRIP = NO;
				GCC_C_LANGUAGE_STANDARD = gnu99;
				GCC_DYNAMIC_NO_PIC = NO;
				GCC_OPTIMIZATION_LEVEL = 0;
				GCC_PREPROCESSOR_DEFINITIONS = (
					"DEBUG=1",
					"$(inherited)",
				);
				GCC_SYMBOLS_PRIVATE_EXTERN = NO;
				GCC_WARN_ABOUT_RETURN_TYPE = YES;
				GCC_WARN_UNINITIALIZED_AUTOS = YES;
				GCC_WARN_UNUSED_VARIABLE = YES;
				IPHONEOS_DEPLOYMENT_TARGET = 6.1;
				ONLY_ACTIVE_ARCH = YES;
				SDKROOT = iphoneos;
			};
			name = Debug;
		};
		BAD93C8A17287DC000129EFE /* Release */ = {
			isa = XCBuildConfiguration;
			buildSettings = {
				ALWAYS_SEARCH_USER_PATHS = NO;
				CLANG_CXX_LANGUAGE_STANDARD = "gnu++0x";
				CLANG_CXX_LIBRARY = "libc++";
				CLANG_ENABLE_OBJC_ARC = YES;
				CLANG_WARN_CONSTANT_CONVERSION = YES;
				CLANG_WARN_EMPTY_BODY = YES;
				CLANG_WARN_ENUM_CONVERSION = YES;
				CLANG_WARN_INT_CONVERSION = YES;
				CLANG_WARN__DUPLICATE_METHOD_MATCH = YES;
				"CODE_SIGN_IDENTITY[sdk=iphoneos*]" = "iPhone Developer";
				COPY_PHASE_STRIP = YES;
				GCC_C_LANGUAGE_STANDARD = gnu99;
				GCC_WARN_ABOUT_RETURN_TYPE = YES;
				GCC_WARN_UNINITIALIZED_AUTOS = YES;
				GCC_WARN_UNUSED_VARIABLE = YES;
				IPHONEOS_DEPLOYMENT_TARGET = 6.1;
				OTHER_CFLAGS = "-DNS_BLOCK_ASSERTIONS=1";
				SDKROOT = iphoneos;
				VALIDATE_PRODUCT = YES;
			};
			name = Release;
		};
		BAD93C8C17287DC000129EFE /* Debug */ = {
			isa = XCBuildConfiguration;
			buildSettings = {
				GCC_PRECOMPILE_PREFIX_HEADER = YES;
				GCC_PREFIX_HEADER = "About Me/About Me-Prefix.pch";
				INFOPLIST_FILE = "About Me/About Me-Info.plist";
				PRODUCT_NAME = "$(TARGET_NAME)";
				WRAPPER_EXTENSION = app;
			};
			name = Debug;
		};
		BAD93C8D17287DC000129EFE /* Release */ = {
			isa = XCBuildConfiguration;
			buildSettings = {
				GCC_PRECOMPILE_PREFIX_HEADER = YES;
				GCC_PREFIX_HEADER = "About Me/About Me-Prefix.pch";
				INFOPLIST_FILE = "About Me/About Me-Info.plist";
				PRODUCT_NAME = "$(TARGET_NAME)";
				WRAPPER_EXTENSION = app;
			};
			name = Release;
		};
		BAD93C8F17287DC000129EFE /* Debug */ = {
			isa = XCBuildConfiguration;
			buildSettings = {
				BUNDLE_LOADER = "$(BUILT_PRODUCTS_DIR)/About Me.app/About Me";
				FRAMEWORK_SEARCH_PATHS = (
					"\"$(SDKROOT)/Developer/Library/Frameworks\"",
					"\"$(DEVELOPER_LIBRARY_DIR)/Frameworks\"",
				);
				GCC_PRECOMPILE_PREFIX_HEADER = YES;
				GCC_PREFIX_HEADER = "About Me/About Me-Prefix.pch";
				INFOPLIST_FILE = "About MeTests/About MeTests-Info.plist";
				PRODUCT_NAME = "$(TARGET_NAME)";
				TEST_HOST = "$(BUNDLE_LOADER)";
				WRAPPER_EXTENSION = octest;
			};
			name = Debug;
		};
		BAD93C9017287DC000129EFE /* Release */ = {
			isa = XCBuildConfiguration;
			buildSettings = {
				BUNDLE_LOADER = "$(BUILT_PRODUCTS_DIR)/About Me.app/About Me";
				FRAMEWORK_SEARCH_PATHS = (
					"\"$(SDKROOT)/Developer/Library/Frameworks\"",
					"\"$(DEVELOPER_LIBRARY_DIR)/Frameworks\"",
				);
				GCC_PRECOMPILE_PREFIX_HEADER = YES;
				GCC_PREFIX_HEADER = "About Me/About Me-Prefix.pch";
				INFOPLIST_FILE = "About MeTests/About MeTests-Info.plist";
				PRODUCT_NAME = "$(TARGET_NAME)";
				TEST_HOST = "$(BUNDLE_LOADER)";
				WRAPPER_EXTENSION = octest;
			};
			name = Release;
		};
/* End XCBuildConfiguration section */

/* Begin XCConfigurationList section */
		BAD93C4E17287DC000129EFE /* Build configuration list for PBXProject "About Me" */ = {
			isa = XCConfigurationList;
			buildConfigurations = (
				BAD93C8917287DC000129EFE /* Debug */,
				BAD93C8A17287DC000129EFE /* Release */,
			);
			defaultConfigurationIsVisible = 0;
			defaultConfigurationName = Release;
		};
		BAD93C8B17287DC000129EFE /* Build configuration list for PBXNativeTarget "About Me" */ = {
			isa = XCConfigurationList;
			buildConfigurations = (
				BAD93C8C17287DC000129EFE /* Debug */,
				BAD93C8D17287DC000129EFE /* Release */,
			);
			defaultConfigurationIsVisible = 0;
			defaultConfigurationName = Release;
		};
		BAD93C8E17287DC000129EFE /* Build configuration list for PBXNativeTarget "About MeTests" */ = {
			isa = XCConfigurationList;
			buildConfigurations = (
				BAD93C8F17287DC000129EFE /* Debug */,
				BAD93C9017287DC000129EFE /* Release */,
			);
			defaultConfigurationIsVisible = 0;
			defaultConfigurationName = Release;
		};
/* End XCConfigurationList section */
	};
	rootObject = BAD93C4B17287DC000129EFE /* Project object */;
}
